
Microsoft Visual Studio Solution File, Format Version 12.00
# Visual Studio 15
VisualStudioVersion = 15.0.28307.489
MinimumVisualStudioVersion = 10.0.40219.1
Project("{FAE04EC0-301F-11D3-BF4B-00C04F79EFBC}") = "djfoxer.VisualStudio.MakeTheSound", "djfoxer.VisualStudio.MakeTheSound\djfoxer.VisualStudio.MakeTheSound.csproj", "{AB01D537-353A-47A9-AFF1-CBD8254D3B9F}"
EndProject
Project("{FAE04EC0-301F-11D3-BF4B-00C04F79EFBC}") = "djfoxer.VisualStudio.MakeTheSound.Tests", "djfoxer.VisualStudio.MakeTheSound.Tests\djfoxer.VisualStudio.MakeTheSound.Tests.csproj", "{F4DDEBE9-B7B2-4981-BC77-BFF09C8BCCB7}"
EndProject
Global
	GlobalSection(SolutionConfigurationPlatforms) = preSolution
		Debug|Any CPU = Debug|Any CPU
		Release|Any CPU = Release|Any CPU
	EndGlobalSection
	GlobalSection(ProjectConfigurationPlatforms) = postSolution
		{AB01D537-353A-47A9-AFF1-CBD8254D3B9F}.Debug|Any CPU.ActiveCfg = Debug|Any CPU
		{AB01D537-353A-47A9-AFF1-CBD8254D3B9F}.Debug|Any CPU.Build.0 = Debug|Any CPU
		{AB01D537-353A-47A9-AFF1-CBD8254D3B9F}.Release|Any CPU.ActiveCfg = Release|Any CPU
		{AB01D537-353A-47A9-AFF1-CBD8254D3B9F}.Release|Any CPU.Build.0 = Release|Any CPU
		{F4DDEBE9-B7B2-4981-BC77-BFF09C8BCCB7}.Debug|Any CPU.ActiveCfg = Debug|Any CPU
		{F4DDEBE9-B7B2-4981-BC77-BFF09C8BCCB7}.Debug|Any CPU.Build.0 = Debug|Any CPU
		{F4DDEBE9-B7B2-4981-BC77-BFF09C8BCCB7}.Release|Any CPU.ActiveCfg = Release|Any CPU
		{F4DDEBE9-B7B2-4981-BC77-BFF09C8BCCB7}.Release|Any CPU.Build.0 = Release|Any CPU
	EndGlobalSection
	GlobalSection(SolutionProperties) = preSolution
		HideSolutionNode = FALSE
	EndGlobalSection
	GlobalSection(ExtensibilityGlobals) = postSolution
		SolutionGuid = {54E3A74B-2936-4B6C-AE2E-B137992955D9}
	EndGlobalSection
EndGlobal
